
Microsoft Visual Studio Solution File, Format Version 12.00
# Visual Studio Version 17
VisualStudioVersion = 17.3.32825.248
MinimumVisualStudioVersion = 10.0.40219.1
Project("{FAE04EC0-301F-11D3-BF4B-00C04F79EFBC}") = "CopyBase", "CopyBase.csproj", "{24BCB614-FFBC-49ED-BADA-536D3C5ADBA6}"
EndProject
Global
	GlobalSection(SolutionConfigurationPlatforms) = preSolution
		Debug|Any CPU = Debug|Any CPU
		Release|Any CPU = Release|Any CPU
	EndGlobalSection
	GlobalSection(ProjectConfigurationPlatforms) = postSolution
		{24BCB614-FFBC-49ED-BADA-536D3C5ADBA6}.Debug|Any CPU.ActiveCfg = Debug|Any CPU
		{24BCB614-FFBC-49ED-BADA-536D3C5ADBA6}.Debug|Any CPU.Build.0 = Debug|Any CPU
		{24BCB614-FFBC-49ED-BADA-536D3C5ADBA6}.Release|Any CPU.ActiveCfg = Release|Any CPU
		{24BCB614-FFBC-49ED-BADA-536D3C5ADBA6}.Release|Any CPU.Build.0 = Release|Any CPU
	EndGlobalSection
	GlobalSection(SolutionProperties) = preSolution
		HideSolutionNode = FALSE
	EndGlobalSection
	GlobalSection(ExtensibilityGlobals) = postSolution
		SolutionGuid = {CFD1D9CA-FF61-421C-A34A-39AC438B074E}
	EndGlobalSection
EndGlobal
